
Microsoft Visual Studio Solution File, Format Version 12.00
# Visual Studio Version 16
VisualStudioVersion = 16.0.30320.27
MinimumVisualStudioVersion = 10.0.40219.1
Project("{FAE04EC0-301F-11D3-BF4B-00C04F79EFBC}") = "TestDocker", "TestDocker\TestDocker.csproj", "{4BF43E12-3FC0-4C20-A88C-8D5CFFBADC0A}"
EndProject
Global
	GlobalSection(SolutionConfigurationPlatforms) = preSolution
		Debug|Any CPU = Debug|Any CPU
		Release|Any CPU = Release|Any CPU
	EndGlobalSection
	GlobalSection(ProjectConfigurationPlatforms) = postSolution
		{4BF43E12-3FC0-4C20-A88C-8D5CFFBADC0A}.Debug|Any CPU.ActiveCfg = Debug|Any CPU
		{4BF43E12-3FC0-4C20-A88C-8D5CFFBADC0A}.Debug|Any CPU.Build.0 = Debug|Any CPU
		{4BF43E12-3FC0-4C20-A88C-8D5CFFBADC0A}.Release|Any CPU.ActiveCfg = Release|Any CPU
		{4BF43E12-3FC0-4C20-A88C-8D5CFFBADC0A}.Release|Any CPU.Build.0 = Release|Any CPU
	EndGlobalSection
	GlobalSection(SolutionProperties) = preSolution
		HideSolutionNode = FALSE
	EndGlobalSection
	GlobalSection(ExtensibilityGlobals) = postSolution
		SolutionGuid = {28F14AA2-BFA7-443F-8C63-C0FF112B0B78}
	EndGlobalSection
EndGlobal
